
Microsoft Visual Studio Solution File, Format Version 12.00
# Visual Studio Version 17
VisualStudioVersion = 17.14.36717.8 d17.14
MinimumVisualStudioVersion = 10.0.40219.1
Project("{FAE04EC0-301F-11D3-BF4B-00C04F79EFBC}") = "CourseRegistiration", "CourseRegistiration\CourseRegistiration.csproj", "{C55A0481-5FE6-4E57-9BB4-BAF6F8CFDC85}"
EndProject
Global
	GlobalSection(SolutionConfigurationPlatforms) = preSolution
		Debug|Any CPU = Debug|Any CPU
		Release|Any CPU = Release|Any CPU
	EndGlobalSection
	GlobalSection(ProjectConfigurationPlatforms) = postSolution
		{C55A0481-5FE6-4E57-9BB4-BAF6F8CFDC85}.Debug|Any CPU.ActiveCfg = Debug|Any CPU
		{C55A0481-5FE6-4E57-9BB4-BAF6F8CFDC85}.Debug|Any CPU.Build.0 = Debug|Any CPU
		{C55A0481-5FE6-4E57-9BB4-BAF6F8CFDC85}.Release|Any CPU.ActiveCfg = Release|Any CPU
		{C55A0481-5FE6-4E57-9BB4-BAF6F8CFDC85}.Release|Any CPU.Build.0 = Release|Any CPU
	EndGlobalSection
	GlobalSection(SolutionProperties) = preSolution
		HideSolutionNode = FALSE
	EndGlobalSection
	GlobalSection(ExtensibilityGlobals) = postSolution
		SolutionGuid = {F03DA435-A0AB-4CD5-800C-0C8F281C263D}
	EndGlobalSection
EndGlobal
